
Microsoft Visual Studio Solution File, Format Version 12.00
# Visual Studio Version 17
VisualStudioVersion = 17.3.32929.385
MinimumVisualStudioVersion = 10.0.40219.1
Project("{FAE04EC0-301F-11D3-BF4B-00C04F79EFBC}") = "KassaÖvning", "KassaÖvning\KassaÖvning.csproj", "{FF6D0834-2C71-4C51-B959-3723BFDF655A}"
EndProject
Global
	GlobalSection(SolutionConfigurationPlatforms) = preSolution
		Debug|Any CPU = Debug|Any CPU
		Release|Any CPU = Release|Any CPU
	EndGlobalSection
	GlobalSection(ProjectConfigurationPlatforms) = postSolution
		{FF6D0834-2C71-4C51-B959-3723BFDF655A}.Debug|Any CPU.ActiveCfg = Debug|Any CPU
		{FF6D0834-2C71-4C51-B959-3723BFDF655A}.Debug|Any CPU.Build.0 = Debug|Any CPU
		{FF6D0834-2C71-4C51-B959-3723BFDF655A}.Release|Any CPU.ActiveCfg = Release|Any CPU
		{FF6D0834-2C71-4C51-B959-3723BFDF655A}.Release|Any CPU.Build.0 = Release|Any CPU
	EndGlobalSection
	GlobalSection(SolutionProperties) = preSolution
		HideSolutionNode = FALSE
	EndGlobalSection
	GlobalSection(ExtensibilityGlobals) = postSolution
		SolutionGuid = {E7670B09-F81C-4EF9-8D5C-F7B096EF4310}
	EndGlobalSection
EndGlobal
